
Microsoft Visual Studio Solution File, Format Version 12.00
Project("{FAE04EC0-301F-11D3-BF4B-00C04F79EFBC}") = "TestHotkeys", "TestHotkeys\TestHotkeys.csproj", "{BF4B6399-1B7A-4B2B-BD50-4D2B9DD921CF}"
EndProject
Global
	GlobalSection(SolutionConfigurationPlatforms) = preSolution
		Debug|Any CPU = Debug|Any CPU
		Release|Any CPU = Release|Any CPU
	EndGlobalSection
	GlobalSection(ProjectConfigurationPlatforms) = postSolution
		{BF4B6399-1B7A-4B2B-BD50-4D2B9DD921CF}.Debug|Any CPU.ActiveCfg = Debug|Any CPU
		{BF4B6399-1B7A-4B2B-BD50-4D2B9DD921CF}.Debug|Any CPU.Build.0 = Debug|Any CPU
		{BF4B6399-1B7A-4B2B-BD50-4D2B9DD921CF}.Release|Any CPU.ActiveCfg = Release|Any CPU
		{BF4B6399-1B7A-4B2B-BD50-4D2B9DD921CF}.Release|Any CPU.Build.0 = Release|Any CPU
	EndGlobalSection
EndGlobal
