
Microsoft Visual Studio Solution File, Format Version 12.00
Project("{F2A71F9B-5D33-465A-A702-920D77279786}") = "Wautoma", "Wautoma\Wautoma.fsproj", "{928B1EB6-7788-4369-8B40-256C0AEE6E55}"
EndProject
Project("{2150E333-8FDC-42A3-9474-1A3956D46DE8}") = "Solution files", "Solution files", "{9E4F5A3B-7A66-43A2-8A7D-AA0179E6E727}"
ProjectSection(SolutionItems) = preProject
	TODO.md = TODO.md
	.config\dotnet-tools.json = .config\dotnet-tools.json
	build.fsx = build.fsx
	.gitignore = .gitignore
EndProjectSection
EndProject
Project("{F2A71F9B-5D33-465A-A702-920D77279786}") = "Wautoma.Tests", "Wautoma.Tests\Wautoma.Tests.fsproj", "{F6739E02-7070-487D-9F56-28F20FBA456C}"
EndProject
Global
	GlobalSection(SolutionConfigurationPlatforms) = preSolution
		Debug|Any CPU = Debug|Any CPU
		Release|Any CPU = Release|Any CPU
	EndGlobalSection
	GlobalSection(ProjectConfigurationPlatforms) = postSolution
		{928B1EB6-7788-4369-8B40-256C0AEE6E55}.Debug|Any CPU.ActiveCfg = Debug|Any CPU
		{928B1EB6-7788-4369-8B40-256C0AEE6E55}.Debug|Any CPU.Build.0 = Debug|Any CPU
		{928B1EB6-7788-4369-8B40-256C0AEE6E55}.Release|Any CPU.ActiveCfg = Release|Any CPU
		{928B1EB6-7788-4369-8B40-256C0AEE6E55}.Release|Any CPU.Build.0 = Release|Any CPU
		{F6739E02-7070-487D-9F56-28F20FBA456C}.Debug|Any CPU.ActiveCfg = Debug|Any CPU
		{F6739E02-7070-487D-9F56-28F20FBA456C}.Debug|Any CPU.Build.0 = Debug|Any CPU
		{F6739E02-7070-487D-9F56-28F20FBA456C}.Release|Any CPU.ActiveCfg = Release|Any CPU
		{F6739E02-7070-487D-9F56-28F20FBA456C}.Release|Any CPU.Build.0 = Release|Any CPU
	EndGlobalSection
EndGlobal
